// !$*UTF8*$!
{
	archiveVersion = 1;
	classes = {
	};
	objectVersion = 51;
	objects = {

/* Begin PBXBuildFile section */
		10A8697123C8302600F5DA77 /* AppDelegate.swift in Sources */ = {isa = PBXBuildFile; fileRef = 10A8697023C8302600F5DA77 /* AppDelegate.swift */; };
		10A8697323C8302600F5DA77 /* SceneDelegate.swift in Sources */ = {isa = PBXBuildFile; fileRef = 10A8697223C8302600F5DA77 /* SceneDelegate.swift */; };
		10A8697523C8302600F5DA77 /* ViewController.swift in Sources */ = {isa = PBXBuildFile; fileRef = 10A8697423C8302600F5DA77 /* ViewController.swift */; };
		10A8697823C8302600F5DA77 /* Main.storyboard in Resources */ = {isa = PBXBuildFile; fileRef = 10A8697623C8302600F5DA77 /* Main.storyboard */; };
		10A8697A23C8302800F5DA77 /* Assets.xcassets in Resources */ = {isa = PBXBuildFile; fileRef = 10A8697923C8302800F5DA77 /* Assets.xcassets */; };
		10A8697D23C8302800F5DA77 /* LaunchScreen.storyboard in Resources */ = {isa = PBXBuildFile; fileRef = 10A8697B23C8302800F5DA77 /* LaunchScreen.storyboard */; };
		10A8698523C8352F00F5DA77 /* GoogleService-Info.plist in Resources */ = {isa = PBXBuildFile; fileRef = 10A8698423C8352E00F5DA77 /* GoogleService-Info.plist */; };
		10A8698723C8500500F5DA77 /* SecondViewController.swift in Sources */ = {isa = PBXBuildFile; fileRef = 10A8698623C8500500F5DA77 /* SecondViewController.swift */; };
		98A92723F1A7F186F900BA60 /* Pods_nextBigThing.framework in Frameworks */ = {isa = PBXBuildFile; fileRef = F5A6C62319B05987D7FD9F5B /* Pods_nextBigThing.framework */; };
/* End PBXBuildFile section */

/* Begin PBXFileReference section */
		10A8696D23C8302600F5DA77 /* nextBigThing.app */ = {isa = PBXFileReference; explicitFileType = wrapper.application; includeInIndex = 0; path = nextBigThing.app; sourceTree = BUILT_PRODUCTS_DIR; };
		10A8697023C8302600F5DA77 /* AppDelegate.swift */ = {isa = PBXFileReference; lastKnownFileType = sourcecode.swift; path = AppDelegate.swift; sourceTree = "<group>"; };
		10A8697223C8302600F5DA77 /* SceneDelegate.swift */ = {isa = PBXFileReference; lastKnownFileType = sourcecode.swift; path = SceneDelegate.swift; sourceTree = "<group>"; };
		10A8697423C8302600F5DA77 /* ViewController.swift */ = {isa = PBXFileReference; lastKnownFileType = sourcecode.swift; path = ViewController.swift; sourceTree = "<group>"; };
		10A8697723C8302600F5DA77 /* Base */ = {isa = PBXFileReference; lastKnownFileType = file.storyboard; name = Base; path = Base.lproj/Main.storyboard; sourceTree = "<group>"; };
		10A8697923C8302800F5DA77 /* Assets.xcassets */ = {isa = PBXFileReference; lastKnownFileType = folder.assetcatalog; path = Assets.xcassets; sourceTree = "<group>"; };
		10A8697C23C8302800F5DA77 /* Base */ = {isa = PBXFileReference; lastKnownFileType = file.storyboard; name = Base; path = Base.lproj/LaunchScreen.storyboard; sourceTree = "<group>"; };
		10A8697E23C8302800F5DA77 /* Info.plist */ = {isa = PBXFileReference; lastKnownFileType = text.plist.xml; path = Info.plist; sourceTree = "<group>"; };
		10A8698423C8352E00F5DA77 /* GoogleService-Info.plist */ = {isa = PBXFileReference; fileEncoding = 4; lastKnownFileType = text.plist.xml; name = "GoogleService-Info.plist"; path = "../../../Downloads/GoogleService-Info.plist"; sourceTree = "<group>"; };
		10A8698623C8500500F5DA77 /* SecondViewController.swift */ = {isa = PBXFileReference; lastKnownFileType = sourcecode.swift; path = SecondViewController.swift; sourceTree = "<group>"; };
		72F685D14E880CC3EDC42F15 /* Pods-nextBigThing.release.xcconfig */ = {isa = PBXFileReference; includeInIndex = 1; lastKnownFileType = text.xcconfig; name = "Pods-nextBigThing.release.xcconfig"; path = "Target Support Files/Pods-nextBigThing/Pods-nextBigThing.release.xcconfig"; sourceTree = "<group>"; };
		B7B58BDD566D757FD6769917 /* Pods-nextBigThing.debug.xcconfig */ = {isa = PBXFileReference; includeInIndex = 1; lastKnownFileType = text.xcconfig; name = "Pods-nextBigThing.debug.xcconfig"; path = "Target Support Files/Pods-nextBigThing/Pods-nextBigThing.debug.xcconfig"; sourceTree = "<group>"; };
		F5A6C62319B05987D7FD9F5B /* Pods_nextBigThing.framework */ = {isa = PBXFileReference; explicitFileType = wrapper.framework; includeInIndex = 0; path = Pods_nextBigThing.framework; sourceTree = BUILT_PRODUCTS_DIR; };
/* End PBXFileReference section */

/* Begin PBXFrameworksBuildPhase section */
		10A8696A23C8302600F5DA77 /* Frameworks */ = {
			isa = PBXFrameworksBuildPhase;
			buildActionMask = 2147483647;
			files = (
				98A92723F1A7F186F900BA60 /* Pods_nextBigThing.framework in Frameworks */,
			);
			runOnlyForDeploymentPostprocessing = 0;
		};
/* End PBXFrameworksBuildPhase section */

/* Begin PBXGroup section */
		10A8696423C8302600F5DA77 = {
			isa = PBXGroup;
			children = (
				10A8696F23C8302600F5DA77 /* nextBigThing */,
				10A8696E23C8302600F5DA77 /* Products */,
				10A8698423C8352E00F5DA77 /* GoogleService-Info.plist */,
				720F917293779CD49F63063F /* Pods */,
				E782EB5F6CEB03D84D9F378A /* Frameworks */,
			);
			sourceTree = "<group>";
		};
		10A8696E23C8302600F5DA77 /* Products */ = {
			isa = PBXGroup;
			children = (
				10A8696D23C8302600F5DA77 /* nextBigThing.app */,
			);
			name = Products;
			sourceTree = "<group>";
		};
		10A8696F23C8302600F5DA77 /* nextBigThing */ = {
			isa = PBXGroup;
			children = (
				10A8697023C8302600F5DA77 /* AppDelegate.swift */,
				10A8697223C8302600F5DA77 /* SceneDelegate.swift */,
				10A8697423C8302600F5DA77 /* ViewController.swift */,
				10A8698623C8500500F5DA77 /* SecondViewController.swift */,
				10A8697623C8302600F5DA77 /* Main.storyboard */,
				10A8697923C8302800F5DA77 /* Assets.xcassets */,
				10A8697B23C8302800F5DA77 /* LaunchScreen.storyboard */,
				10A8697E23C8302800F5DA77 /* Info.plist */,
			);
			path = nextBigThing;
			sourceTree = "<group>";
		};
		720F917293779CD49F63063F /* Pods */ = {
			isa = PBXGroup;
			children = (
				B7B58BDD566D757FD6769917 /* Pods-nextBigThing.debug.xcconfig */,
				72F685D14E880CC3EDC42F15 /* Pods-nextBigThing.release.xcconfig */,
			);
			path = Pods;
			sourceTree = "<group>";
		};
		E782EB5F6CEB03D84D9F378A /* Frameworks */ = {
			isa = PBXGroup;
			children = (
				F5A6C62319B05987D7FD9F5B /* Pods_nextBigThing.framework */,
			);
			name = Frameworks;
			sourceTree = "<group>";
		};
/* End PBXGroup section */

/* Begin PBXNativeTarget section */
		10A8696C23C8302600F5DA77 /* nextBigThing */ = {
			isa = PBXNativeTarget;
			buildConfigurationList = 10A8698123C8302800F5DA77 /* Build configuration list for PBXNativeTarget "nextBigThing" */;
			buildPhases = (
				203F28A159D5EFA48A7735FE /* [CP] Check Pods Manifest.lock */,
				10A8696923C8302600F5DA77 /* Sources */,
				10A8696A23C8302600F5DA77 /* Frameworks */,
				10A8696B23C8302600F5DA77 /* Resources */,
				BE1DFF553BF5A6C180635CA2 /* [CP] Embed Pods Frameworks */,
			);
			buildRules = (
			);
			dependencies = (
			);
			name = nextBigThing;
			productName = nextBigThing;
			productReference = 10A8696D23C8302600F5DA77 /* nextBigThing.app */;
			productType = "com.apple.product-type.application";
		};
/* End PBXNativeTarget section */

/* Begin PBXProject section */
		10A8696523C8302600F5DA77 /* Project object */ = {
			isa = PBXProject;
			attributes = {
				LastSwiftUpdateCheck = 1110;
				LastUpgradeCheck = 1110;
				ORGANIZATIONNAME = Jeet;
				TargetAttributes = {
					10A8696C23C8302600F5DA77 = {
						CreatedOnToolsVersion = 11.1;
					};
				};
			};
			buildConfigurationList = 10A8696823C8302600F5DA77 /* Build configuration list for PBXProject "nextBigThing" */;
			compatibilityVersion = "Xcode 9.3";
			developmentRegion = en;
			hasScannedForEncodings = 0;
			knownRegions = (
				en,
				Base,
			);
			mainGroup = 10A8696423C8302600F5DA77;
			productRefGroup = 10A8696E23C8302600F5DA77 /* Products */;
			projectDirPath = "";
			projectRoot = "";
			targets = (
				10A8696C23C8302600F5DA77 /* nextBigThing */,
			);
		};
/* End PBXProject section */

/* Begin PBXResourcesBuildPhase section */
		10A8696B23C8302600F5DA77 /* Resources */ = {
			isa = PBXResourcesBuildPhase;
			buildActionMask = 2147483647;
			files = (
				10A8697D23C8302800F5DA77 /* LaunchScreen.storyboard in Resources */,
				10A8698523C8352F00F5DA77 /* GoogleService-Info.plist in Resources */,
				10A8697A23C8302800F5DA77 /* Assets.xcassets in Resources */,
				10A8697823C8302600F5DA77 /* Main.storyboard in Resources */,
			);
			runOnlyForDeploymentPostprocessing = 0;
		};
/* End PBXResourcesBuildPhase section */

/* Begin PBXShellScriptBuildPhase section */
		203F28A159D5EFA48A7735FE /* [CP] Check Pods Manifest.lock */ = {
			isa = PBXShellScriptBuildPhase;
			buildActionMask = 2147483647;
			files = (
			);
			inputFileListPaths = (
			);
			inputPaths = (
				"${PODS_PODFILE_DIR_PATH}/Podfile.lock",
				"${PODS_ROOT}/Manifest.lock",
			);
			name = "[CP] Check Pods Manifest.lock";
			outputFileListPaths = (
			);
			outputPaths = (
				"$(DERIVED_FILE_DIR)/Pods-nextBigThing-checkManifestLockResult.txt",
			);
			runOnlyForDeploymentPostprocessing = 0;
			shellPath = /bin/sh;
			shellScript = "diff \"${PODS_PODFILE_DIR_PATH}/Podfile.lock\" \"${PODS_ROOT}/Manifest.lock\" > /dev/null\nif [ $? != 0 ] ; then\n    # print error to STDERR\n    echo \"error: The sandbox is not in sync with the Podfile.lock. Run 'pod install' or update your CocoaPods installation.\" >&2\n    exit 1\nfi\n# This output is used by Xcode 'outputs' to avoid re-running this script phase.\necho \"SUCCESS\" > \"${SCRIPT_OUTPUT_FILE_0}\"\n";
			showEnvVarsInLog = 0;
		};
		BE1DFF553BF5A6C180635CA2 /* [CP] Embed Pods Frameworks */ = {
			isa = PBXShellScriptBuildPhase;
			buildActionMask = 2147483647;
			files = (
			);
			inputFileListPaths = (
				"${PODS_ROOT}/Target Support Files/Pods-nextBigThing/Pods-nextBigThing-frameworks-${CONFIGURATION}-input-files.xcfilelist",
			);
			name = "[CP] Embed Pods Frameworks";
			outputFileListPaths = (
				"${PODS_ROOT}/Target Support Files/Pods-nextBigThing/Pods-nextBigThing-frameworks-${CONFIGURATION}-output-files.xcfilelist",
			);
			runOnlyForDeploymentPostprocessing = 0;
			shellPath = /bin/sh;
			shellScript = "\"${PODS_ROOT}/Target Support Files/Pods-nextBigThing/Pods-nextBigThing-frameworks.sh\"\n";
			showEnvVarsInLog = 0;
		};
/* End PBXShellScriptBuildPhase section */

/* Begin PBXSourcesBuildPhase section */
		10A8696923C8302600F5DA77 /* Sources */ = {
			isa = PBXSourcesBuildPhase;
			buildActionMask = 2147483647;
			files = (
				10A8698723C8500500F5DA77 /* SecondViewController.swift in Sources */,
				10A8697523C8302600F5DA77 /* ViewController.swift in Sources */,
				10A8697123C8302600F5DA77 /* AppDelegate.swift in Sources */,
				10A8697323C8302600F5DA77 /* SceneDelegate.swift in Sources */,
			);
			runOnlyForDeploymentPostprocessing = 0;
		};
/* End PBXSourcesBuildPhase section */

/* Begin PBXVariantGroup section */
		10A8697623C8302600F5DA77 /* Main.storyboard */ = {
			isa = PBXVariantGroup;
			children = (
				10A8697723C8302600F5DA77 /* Base */,
			);
			name = Main.storyboard;
			sourceTree = "<group>";
		};
		10A8697B23C8302800F5DA77 /* LaunchScreen.storyboard */ = {
			isa = PBXVariantGroup;
			children = (
				10A8697C23C8302800F5DA77 /* Base */,
			);
			name = LaunchScreen.storyboard;
			sourceTree = "<group>";
		};
/* End PBXVariantGroup section */

/* Begin XCBuildConfiguration section */
		10A8697F23C8302800F5DA77 /* Debug */ = {
			isa = XCBuildConfiguration;
			buildSettings = {
				ALWAYS_SEARCH_USER_PATHS = NO;
				CLANG_ANALYZER_NONNULL = YES;
				CLANG_ANALYZER_NUMBER_OBJECT_CONVERSION = YES_AGGRESSIVE;
				CLANG_CXX_LANGUAGE_STANDARD = "gnu++14";
				CLANG_CXX_LIBRARY = "libc++";
				CLANG_ENABLE_MODULES = YES;
				CLANG_ENABLE_OBJC_ARC = YES;
				CLANG_ENABLE_OBJC_WEAK = YES;
				CLANG_WARN_BLOCK_CAPTURE_AUTORELEASING = YES;
				CLANG_WARN_BOOL_CONVERSION = YES;
				CLANG_WARN_COMMA = YES;
				CLANG_WARN_CONSTANT_CONVERSION = YES;
				CLANG_WARN_DEPRECATED_OBJC_IMPLEMENTATIONS = YES;
				CLANG_WARN_DIRECT_OBJC_ISA_USAGE = YES_ERROR;
				CLANG_WARN_DOCUMENTATION_COMMENTS = YES;
				CLANG_WARN_EMPTY_BODY = YES;
				CLANG_WARN_ENUM_CONVERSION = YES;
				CLANG_WARN_INFINITE_RECURSION = YES;
				CLANG_WARN_INT_CONVERSION = YES;
				CLANG_WARN_NON_LITERAL_NULL_CONVERSION = YES;
				CLANG_WARN_OBJC_IMPLICIT_RETAIN_SELF = YES;
				CLANG_WARN_OBJC_LITERAL_CONVERSION = YES;
				CLANG_WARN_OBJC_ROOT_CLASS = YES_ERROR;
				CLANG_WARN_RANGE_LOOP_ANALYSIS = YES;
				CLANG_WARN_STRICT_PROTOTYPES = YES;
				CLANG_WARN_SUSPICIOUS_MOVE = YES;
				CLANG_WARN_UNGUARDED_AVAILABILITY = YES_AGGRESSIVE;
				CLANG_WARN_UNREACHABLE_CODE = YES;
				CLANG_WARN__DUPLICATE_METHOD_MATCH = YES;
				COPY_PHASE_STRIP = NO;
				DEBUG_INFORMATION_FORMAT = dwarf;
				ENABLE_STRICT_OBJC_MSGSEND = YES;
				ENABLE_TESTABILITY = YES;
				GCC_C_LANGUAGE_STANDARD = gnu11;
				GCC_DYNAMIC_NO_PIC = NO;
				GCC_NO_COMMON_BLOCKS = YES;
				GCC_OPTIMIZATION_LEVEL = 0;
				GCC_PREPROCESSOR_DEFINITIONS = (
					"DEBUG=1",
					"$(inherited)",
				);
				GCC_WARN_64_TO_32_BIT_CONVERSION = YES;
				GCC_WARN_ABOUT_RETURN_TYPE = YES_ERROR;
				GCC_WARN_UNDECLARED_SELECTOR = YES;
				GCC_WARN_UNINITIALIZED_AUTOS = YES_AGGRESSIVE;
				GCC_WARN_UNUSED_FUNCTION = YES;
				GCC_WARN_UNUSED_VARIABLE = YES;
				IPHONEOS_DEPLOYMENT_TARGET = 13.1;
				MTL_ENABLE_DEBUG_INFO = INCLUDE_SOURCE;
				MTL_FAST_MATH = YES;
				ONLY_ACTIVE_ARCH = YES;
				SDKROOT = iphoneos;
				SWIFT_ACTIVE_COMPILATION_CONDITIONS = DEBUG;
				SWIFT_OPTIMIZATION_LEVEL = "-Onone";
			};
			name = Debug;
		};
		10A8698023C8302800F5DA77 /* Release */ = {
			isa = XCBuildConfiguration;
			buildSettings = {
				ALWAYS_SEARCH_USER_PATHS = NO;
				CLANG_ANALYZER_NONNULL = YES;
				CLANG_ANALYZER_NUMBER_OBJECT_CONVERSION = YES_AGGRESSIVE;
				CLANG_CXX_LANGUAGE_STANDARD = "gnu++14";
				CLANG_CXX_LIBRARY = "libc++";
				CLANG_ENABLE_MODULES = YES;
				CLANG_ENABLE_OBJC_ARC = YES;
				CLANG_ENABLE_OBJC_WEAK = YES;
				CLANG_WARN_BLOCK_CAPTURE_AUTORELEASING = YES;
				CLANG_WARN_BOOL_CONVERSION = YES;
				CLANG_WARN_COMMA = YES;
				CLANG_WARN_CONSTANT_CONVERSION = YES;
				CLANG_WARN_DEPRECATED_OBJC_IMPLEMENTATIONS = YES;
				CLANG_WARN_DIRECT_OBJC_ISA_USAGE = YES_ERROR;
				CLANG_WARN_DOCUMENTATION_COMMENTS = YES;
				CLANG_WARN_EMPTY_BODY = YES;
				CLANG_WARN_ENUM_CONVERSION = YES;
				CLANG_WARN_INFINITE_RECURSION = YES;
				CLANG_WARN_INT_CONVERSION = YES;
				CLANG_WARN_NON_LITERAL_NULL_CONVERSION = YES;
				CLANG_WARN_OBJC_IMPLICIT_RETAIN_SELF = YES;
				CLANG_WARN_OBJC_LITERAL_CONVERSION = YES;
				CLANG_WARN_OBJC_ROOT_CLASS = YES_ERROR;
				CLANG_WARN_RANGE_LOOP_ANALYSIS = YES;
				CLANG_WARN_STRICT_PROTOTYPES = YES;
				CLANG_WARN_SUSPICIOUS_MOVE = YES;
				CLANG_WARN_UNGUARDED_AVAILABILITY = YES_AGGRESSIVE;
				CLANG_WARN_UNREACHABLE_CODE = YES;
				CLANG_WARN__DUPLICATE_METHOD_MATCH = YES;
				COPY_PHASE_STRIP = NO;
				DEBUG_INFORMATION_FORMAT = "dwarf-with-dsym";
				ENABLE_NS_ASSERTIONS = NO;
				ENABLE_STRICT_OBJC_MSGSEND = YES;
				GCC_C_LANGUAGE_STANDARD = gnu11;
				GCC_NO_COMMON_BLOCKS = YES;
				GCC_WARN_64_TO_32_BIT_CONVERSION = YES;
				GCC_WARN_ABOUT_RETURN_TYPE = YES_ERROR;
				GCC_WARN_UNDECLARED_SELECTOR = YES;
				GCC_WARN_UNINITIALIZED_AUTOS = YES_AGGRESSIVE;
				GCC_WARN_UNUSED_FUNCTION = YES;
				GCC_WARN_UNUSED_VARIABLE = YES;
				IPHONEOS_DEPLOYMENT_TARGET = 13.1;
				MTL_ENABLE_DEBUG_INFO = NO;
				MTL_FAST_MATH = YES;
				SDKROOT = iphoneos;
				SWIFT_COMPILATION_MODE = wholemodule;
				SWIFT_OPTIMIZATION_LEVEL = "-O";
				VALIDATE_PRODUCT = YES;
			};
			name = Release;
		};
		10A8698223C8302800F5DA77 /* Debug */ = {
			isa = XCBuildConfiguration;
			baseConfigurationReference = B7B58BDD566D757FD6769917 /* Pods-nextBigThing.debug.xcconfig */;
			buildSettings = {
				ASSETCATALOG_COMPILER_APPICON_NAME = AppIcon;
				CODE_SIGN_STYLE = Automatic;
				INFOPLIST_FILE = nextBigThing/Info.plist;
				LD_RUNPATH_SEARCH_PATHS = (
					"$(inherited)",
					"@executable_path/Frameworks",
				);
				PRODUCT_BUNDLE_IDENTIFIER = stl.nextBigThing;
				PRODUCT_NAME = "$(TARGET_NAME)";
				SWIFT_VERSION = 5.0;
				TARGETED_DEVICE_FAMILY = "1,2";
			};
			name = Debug;
		};
		10A8698323C8302800F5DA77 /* Release */ = {
			isa = XCBuildConfiguration;
			baseConfigurationReference = 72F685D14E880CC3EDC42F15 /* Pods-nextBigThing.release.xcconfig */;
			buildSettings = {
				ASSETCATALOG_COMPILER_APPICON_NAME = AppIcon;
				CODE_SIGN_STYLE = Automatic;
				INFOPLIST_FILE = nextBigThing/Info.plist;
				LD_RUNPATH_SEARCH_PATHS = (
					"$(inherited)",
					"@executable_path/Frameworks",
				);
				PRODUCT_BUNDLE_IDENTIFIER = stl.nextBigThing;
				PRODUCT_NAME = "$(TARGET_NAME)";
				SWIFT_VERSION = 5.0;
				TARGETED_DEVICE_FAMILY = "1,2";
			};
			name = Release;
		};
/* End XCBuildConfiguration section */

/* Begin XCConfigurationList section */
		10A8696823C8302600F5DA77 /* Build configuration list for PBXProject "nextBigThing" */ = {
			isa = XCConfigurationList;
			buildConfigurations = (
				10A8697F23C8302800F5DA77 /* Debug */,
				10A8698023C8302800F5DA77 /* Release */,
			);
			defaultConfigurationIsVisible = 0;
			defaultConfigurationName = Release;
		};
		10A8698123C8302800F5DA77 /* Build configuration list for PBXNativeTarget "nextBigThing" */ = {
			isa = XCConfigurationList;
			buildConfigurations = (
				10A8698223C8302800F5DA77 /* Debug */,
				10A8698323C8302800F5DA77 /* Release */,
			);
			defaultConfigurationIsVisible = 0;
			defaultConfigurationName = Release;
		};
/* End XCConfigurationList section */
	};
	rootObject = 10A8696523C8302600F5DA77 /* Project object */;
}
