// !$*UTF8*$!
{
	archiveVersion = 1;
	classes = {
	};
	objectVersion = 50;
	objects = {

/* Begin PBXBuildFile section */
		109837E223C45C7D00EC5090 /* AppDelegate.swift in Sources */ = {isa = PBXBuildFile; fileRef = 109837E123C45C7D00EC5090 /* AppDelegate.swift */; };
		109837E423C45C7D00EC5090 /* SceneDelegate.swift in Sources */ = {isa = PBXBuildFile; fileRef = 109837E323C45C7D00EC5090 /* SceneDelegate.swift */; };
		109837E623C45C7D00EC5090 /* ViewController.swift in Sources */ = {isa = PBXBuildFile; fileRef = 109837E523C45C7D00EC5090 /* ViewController.swift */; };
		109837E923C45C7D00EC5090 /* Main.storyboard in Resources */ = {isa = PBXBuildFile; fileRef = 109837E723C45C7D00EC5090 /* Main.storyboard */; };
		109837EB23C45C8100EC5090 /* Assets.xcassets in Resources */ = {isa = PBXBuildFile; fileRef = 109837EA23C45C8100EC5090 /* Assets.xcassets */; };
		109837EE23C45C8100EC5090 /* LaunchScreen.storyboard in Resources */ = {isa = PBXBuildFile; fileRef = 109837EC23C45C8100EC5090 /* LaunchScreen.storyboard */; };
		10DF5AAE23C463C5003D894C /* CardCell.swift in Sources */ = {isa = PBXBuildFile; fileRef = 10DF5AAD23C463C5003D894C /* CardCell.swift */; };
		10DF5AB023C467E2003D894C /* Card.swift in Sources */ = {isa = PBXBuildFile; fileRef = 10DF5AAF23C467E2003D894C /* Card.swift */; };
		10DF5AB223C477AF003D894C /* CardCollectionViewCell.swift in Sources */ = {isa = PBXBuildFile; fileRef = 10DF5AB123C477AF003D894C /* CardCollectionViewCell.swift */; };
/* End PBXBuildFile section */

/* Begin PBXFileReference section */
		109837DE23C45C7D00EC5090 /* anotherApp.app */ = {isa = PBXFileReference; explicitFileType = wrapper.application; includeInIndex = 0; path = anotherApp.app; sourceTree = BUILT_PRODUCTS_DIR; };
		109837E123C45C7D00EC5090 /* AppDelegate.swift */ = {isa = PBXFileReference; lastKnownFileType = sourcecode.swift; path = AppDelegate.swift; sourceTree = "<group>"; };
		109837E323C45C7D00EC5090 /* SceneDelegate.swift */ = {isa = PBXFileReference; lastKnownFileType = sourcecode.swift; path = SceneDelegate.swift; sourceTree = "<group>"; };
		109837E523C45C7D00EC5090 /* ViewController.swift */ = {isa = PBXFileReference; lastKnownFileType = sourcecode.swift; path = ViewController.swift; sourceTree = "<group>"; };
		109837E823C45C7D00EC5090 /* Base */ = {isa = PBXFileReference; lastKnownFileType = file.storyboard; name = Base; path = Base.lproj/Main.storyboard; sourceTree = "<group>"; };
		109837EA23C45C8100EC5090 /* Assets.xcassets */ = {isa = PBXFileReference; lastKnownFileType = folder.assetcatalog; path = Assets.xcassets; sourceTree = "<group>"; };
		109837ED23C45C8100EC5090 /* Base */ = {isa = PBXFileReference; lastKnownFileType = file.storyboard; name = Base; path = Base.lproj/LaunchScreen.storyboard; sourceTree = "<group>"; };
		109837EF23C45C8100EC5090 /* Info.plist */ = {isa = PBXFileReference; lastKnownFileType = text.plist.xml; path = Info.plist; sourceTree = "<group>"; };
		10DF5AAD23C463C5003D894C /* CardCell.swift */ = {isa = PBXFileReference; lastKnownFileType = sourcecode.swift; path = CardCell.swift; sourceTree = "<group>"; };
		10DF5AAF23C467E2003D894C /* Card.swift */ = {isa = PBXFileReference; lastKnownFileType = sourcecode.swift; path = Card.swift; sourceTree = "<group>"; };
		10DF5AB123C477AF003D894C /* CardCollectionViewCell.swift */ = {isa = PBXFileReference; lastKnownFileType = sourcecode.swift; path = CardCollectionViewCell.swift; sourceTree = "<group>"; };
/* End PBXFileReference section */

/* Begin PBXFrameworksBuildPhase section */
		109837DB23C45C7D00EC5090 /* Frameworks */ = {
			isa = PBXFrameworksBuildPhase;
			buildActionMask = 2147483647;
			files = (
			);
			runOnlyForDeploymentPostprocessing = 0;
		};
/* End PBXFrameworksBuildPhase section */

/* Begin PBXGroup section */
		109837D523C45C7D00EC5090 = {
			isa = PBXGroup;
			children = (
				109837E023C45C7D00EC5090 /* anotherApp */,
				109837DF23C45C7D00EC5090 /* Products */,
			);
			sourceTree = "<group>";
		};
		109837DF23C45C7D00EC5090 /* Products */ = {
			isa = PBXGroup;
			children = (
				109837DE23C45C7D00EC5090 /* anotherApp.app */,
			);
			name = Products;
			sourceTree = "<group>";
		};
		109837E023C45C7D00EC5090 /* anotherApp */ = {
			isa = PBXGroup;
			children = (
				109837E123C45C7D00EC5090 /* AppDelegate.swift */,
				109837E323C45C7D00EC5090 /* SceneDelegate.swift */,
				109837E523C45C7D00EC5090 /* ViewController.swift */,
				109837E723C45C7D00EC5090 /* Main.storyboard */,
				10DF5AB123C477AF003D894C /* CardCollectionViewCell.swift */,
				10DF5AAD23C463C5003D894C /* CardCell.swift */,
				10DF5AAF23C467E2003D894C /* Card.swift */,
				109837EA23C45C8100EC5090 /* Assets.xcassets */,
				109837EC23C45C8100EC5090 /* LaunchScreen.storyboard */,
				109837EF23C45C8100EC5090 /* Info.plist */,
			);
			path = anotherApp;
			sourceTree = "<group>";
		};
/* End PBXGroup section */

/* Begin PBXNativeTarget section */
		109837DD23C45C7D00EC5090 /* anotherApp */ = {
			isa = PBXNativeTarget;
			buildConfigurationList = 109837F223C45C8100EC5090 /* Build configuration list for PBXNativeTarget "anotherApp" */;
			buildPhases = (
				109837DA23C45C7D00EC5090 /* Sources */,
				109837DB23C45C7D00EC5090 /* Frameworks */,
				109837DC23C45C7D00EC5090 /* Resources */,
			);
			buildRules = (
			);
			dependencies = (
			);
			name = anotherApp;
			productName = anotherApp;
			productReference = 109837DE23C45C7D00EC5090 /* anotherApp.app */;
			productType = "com.apple.product-type.application";
		};
/* End PBXNativeTarget section */

/* Begin PBXProject section */
		109837D623C45C7D00EC5090 /* Project object */ = {
			isa = PBXProject;
			attributes = {
				LastSwiftUpdateCheck = 1110;
				LastUpgradeCheck = 1110;
				ORGANIZATIONNAME = Jeet;
				TargetAttributes = {
					109837DD23C45C7D00EC5090 = {
						CreatedOnToolsVersion = 11.1;
					};
				};
			};
			buildConfigurationList = 109837D923C45C7D00EC5090 /* Build configuration list for PBXProject "anotherApp" */;
			compatibilityVersion = "Xcode 9.3";
			developmentRegion = en;
			hasScannedForEncodings = 0;
			knownRegions = (
				en,
				Base,
			);
			mainGroup = 109837D523C45C7D00EC5090;
			productRefGroup = 109837DF23C45C7D00EC5090 /* Products */;
			projectDirPath = "";
			projectRoot = "";
			targets = (
				109837DD23C45C7D00EC5090 /* anotherApp */,
			);
		};
/* End PBXProject section */

/* Begin PBXResourcesBuildPhase section */
		109837DC23C45C7D00EC5090 /* Resources */ = {
			isa = PBXResourcesBuildPhase;
			buildActionMask = 2147483647;
			files = (
				109837EE23C45C8100EC5090 /* LaunchScreen.storyboard in Resources */,
				109837EB23C45C8100EC5090 /* Assets.xcassets in Resources */,
				109837E923C45C7D00EC5090 /* Main.storyboard in Resources */,
			);
			runOnlyForDeploymentPostprocessing = 0;
		};
/* End PBXResourcesBuildPhase section */

/* Begin PBXSourcesBuildPhase section */
		109837DA23C45C7D00EC5090 /* Sources */ = {
			isa = PBXSourcesBuildPhase;
			buildActionMask = 2147483647;
			files = (
				109837E623C45C7D00EC5090 /* ViewController.swift in Sources */,
				109837E223C45C7D00EC5090 /* AppDelegate.swift in Sources */,
				109837E423C45C7D00EC5090 /* SceneDelegate.swift in Sources */,
				10DF5AB023C467E2003D894C /* Card.swift in Sources */,
				10DF5AB223C477AF003D894C /* CardCollectionViewCell.swift in Sources */,
				10DF5AAE23C463C5003D894C /* CardCell.swift in Sources */,
			);
			runOnlyForDeploymentPostprocessing = 0;
		};
/* End PBXSourcesBuildPhase section */

/* Begin PBXVariantGroup section */
		109837E723C45C7D00EC5090 /* Main.storyboard */ = {
			isa = PBXVariantGroup;
			children = (
				109837E823C45C7D00EC5090 /* Base */,
			);
			name = Main.storyboard;
			sourceTree = "<group>";
		};
		109837EC23C45C8100EC5090 /* LaunchScreen.storyboard */ = {
			isa = PBXVariantGroup;
			children = (
				109837ED23C45C8100EC5090 /* Base */,
			);
			name = LaunchScreen.storyboard;
			sourceTree = "<group>";
		};
/* End PBXVariantGroup section */

/* Begin XCBuildConfiguration section */
		109837F023C45C8100EC5090 /* Debug */ = {
			isa = XCBuildConfiguration;
			buildSettings = {
				ALWAYS_SEARCH_USER_PATHS = NO;
				CLANG_ANALYZER_NONNULL = YES;
				CLANG_ANALYZER_NUMBER_OBJECT_CONVERSION = YES_AGGRESSIVE;
				CLANG_CXX_LANGUAGE_STANDARD = "gnu++14";
				CLANG_CXX_LIBRARY = "libc++";
				CLANG_ENABLE_MODULES = YES;
				CLANG_ENABLE_OBJC_ARC = YES;
				CLANG_ENABLE_OBJC_WEAK = YES;
				CLANG_WARN_BLOCK_CAPTURE_AUTORELEASING = YES;
				CLANG_WARN_BOOL_CONVERSION = YES;
				CLANG_WARN_COMMA = YES;
				CLANG_WARN_CONSTANT_CONVERSION = YES;
				CLANG_WARN_DEPRECATED_OBJC_IMPLEMENTATIONS = YES;
				CLANG_WARN_DIRECT_OBJC_ISA_USAGE = YES_ERROR;
				CLANG_WARN_DOCUMENTATION_COMMENTS = YES;
				CLANG_WARN_EMPTY_BODY = YES;
				CLANG_WARN_ENUM_CONVERSION = YES;
				CLANG_WARN_INFINITE_RECURSION = YES;
				CLANG_WARN_INT_CONVERSION = YES;
				CLANG_WARN_NON_LITERAL_NULL_CONVERSION = YES;
				CLANG_WARN_OBJC_IMPLICIT_RETAIN_SELF = YES;
				CLANG_WARN_OBJC_LITERAL_CONVERSION = YES;
				CLANG_WARN_OBJC_ROOT_CLASS = YES_ERROR;
				CLANG_WARN_RANGE_LOOP_ANALYSIS = YES;
				CLANG_WARN_STRICT_PROTOTYPES = YES;
				CLANG_WARN_SUSPICIOUS_MOVE = YES;
				CLANG_WARN_UNGUARDED_AVAILABILITY = YES_AGGRESSIVE;
				CLANG_WARN_UNREACHABLE_CODE = YES;
				CLANG_WARN__DUPLICATE_METHOD_MATCH = YES;
				COPY_PHASE_STRIP = NO;
				DEBUG_INFORMATION_FORMAT = dwarf;
				ENABLE_STRICT_OBJC_MSGSEND = YES;
				ENABLE_TESTABILITY = YES;
				GCC_C_LANGUAGE_STANDARD = gnu11;
				GCC_DYNAMIC_NO_PIC = NO;
				GCC_NO_COMMON_BLOCKS = YES;
				GCC_OPTIMIZATION_LEVEL = 0;
				GCC_PREPROCESSOR_DEFINITIONS = (
					"DEBUG=1",
					"$(inherited)",
				);
				GCC_WARN_64_TO_32_BIT_CONVERSION = YES;
				GCC_WARN_ABOUT_RETURN_TYPE = YES_ERROR;
				GCC_WARN_UNDECLARED_SELECTOR = YES;
				GCC_WARN_UNINITIALIZED_AUTOS = YES_AGGRESSIVE;
				GCC_WARN_UNUSED_FUNCTION = YES;
				GCC_WARN_UNUSED_VARIABLE = YES;
				IPHONEOS_DEPLOYMENT_TARGET = 13.1;
				MTL_ENABLE_DEBUG_INFO = INCLUDE_SOURCE;
				MTL_FAST_MATH = YES;
				ONLY_ACTIVE_ARCH = YES;
				SDKROOT = iphoneos;
				SWIFT_ACTIVE_COMPILATION_CONDITIONS = DEBUG;
				SWIFT_OPTIMIZATION_LEVEL = "-Onone";
			};
			name = Debug;
		};
		109837F123C45C8100EC5090 /* Release */ = {
			isa = XCBuildConfiguration;
			buildSettings = {
				ALWAYS_SEARCH_USER_PATHS = NO;
				CLANG_ANALYZER_NONNULL = YES;
				CLANG_ANALYZER_NUMBER_OBJECT_CONVERSION = YES_AGGRESSIVE;
				CLANG_CXX_LANGUAGE_STANDARD = "gnu++14";
				CLANG_CXX_LIBRARY = "libc++";
				CLANG_ENABLE_MODULES = YES;
				CLANG_ENABLE_OBJC_ARC = YES;
				CLANG_ENABLE_OBJC_WEAK = YES;
				CLANG_WARN_BLOCK_CAPTURE_AUTORELEASING = YES;
				CLANG_WARN_BOOL_CONVERSION = YES;
				CLANG_WARN_COMMA = YES;
				CLANG_WARN_CONSTANT_CONVERSION = YES;
				CLANG_WARN_DEPRECATED_OBJC_IMPLEMENTATIONS = YES;
				CLANG_WARN_DIRECT_OBJC_ISA_USAGE = YES_ERROR;
				CLANG_WARN_DOCUMENTATION_COMMENTS = YES;
				CLANG_WARN_EMPTY_BODY = YES;
				CLANG_WARN_ENUM_CONVERSION = YES;
				CLANG_WARN_INFINITE_RECURSION = YES;
				CLANG_WARN_INT_CONVERSION = YES;
				CLANG_WARN_NON_LITERAL_NULL_CONVERSION = YES;
				CLANG_WARN_OBJC_IMPLICIT_RETAIN_SELF = YES;
				CLANG_WARN_OBJC_LITERAL_CONVERSION = YES;
				CLANG_WARN_OBJC_ROOT_CLASS = YES_ERROR;
				CLANG_WARN_RANGE_LOOP_ANALYSIS = YES;
				CLANG_WARN_STRICT_PROTOTYPES = YES;
				CLANG_WARN_SUSPICIOUS_MOVE = YES;
				CLANG_WARN_UNGUARDED_AVAILABILITY = YES_AGGRESSIVE;
				CLANG_WARN_UNREACHABLE_CODE = YES;
				CLANG_WARN__DUPLICATE_METHOD_MATCH = YES;
				COPY_PHASE_STRIP = NO;
				DEBUG_INFORMATION_FORMAT = "dwarf-with-dsym";
				ENABLE_NS_ASSERTIONS = NO;
				ENABLE_STRICT_OBJC_MSGSEND = YES;
				GCC_C_LANGUAGE_STANDARD = gnu11;
				GCC_NO_COMMON_BLOCKS = YES;
				GCC_WARN_64_TO_32_BIT_CONVERSION = YES;
				GCC_WARN_ABOUT_RETURN_TYPE = YES_ERROR;
				GCC_WARN_UNDECLARED_SELECTOR = YES;
				GCC_WARN_UNINITIALIZED_AUTOS = YES_AGGRESSIVE;
				GCC_WARN_UNUSED_FUNCTION = YES;
				GCC_WARN_UNUSED_VARIABLE = YES;
				IPHONEOS_DEPLOYMENT_TARGET = 13.1;
				MTL_ENABLE_DEBUG_INFO = NO;
				MTL_FAST_MATH = YES;
				SDKROOT = iphoneos;
				SWIFT_COMPILATION_MODE = wholemodule;
				SWIFT_OPTIMIZATION_LEVEL = "-O";
				VALIDATE_PRODUCT = YES;
			};
			name = Release;
		};
		109837F323C45C8100EC5090 /* Debug */ = {
			isa = XCBuildConfiguration;
			buildSettings = {
				ASSETCATALOG_COMPILER_APPICON_NAME = AppIcon;
				CODE_SIGN_STYLE = Automatic;
				INFOPLIST_FILE = anotherApp/Info.plist;
				LD_RUNPATH_SEARCH_PATHS = (
					"$(inherited)",
					"@executable_path/Frameworks",
				);
				PRODUCT_BUNDLE_IDENTIFIER = stl.anotherApp;
				PRODUCT_NAME = "$(TARGET_NAME)";
				SWIFT_VERSION = 5.0;
				TARGETED_DEVICE_FAMILY = "1,2";
			};
			name = Debug;
		};
		109837F423C45C8100EC5090 /* Release */ = {
			isa = XCBuildConfiguration;
			buildSettings = {
				ASSETCATALOG_COMPILER_APPICON_NAME = AppIcon;
				CODE_SIGN_STYLE = Automatic;
				INFOPLIST_FILE = anotherApp/Info.plist;
				LD_RUNPATH_SEARCH_PATHS = (
					"$(inherited)",
					"@executable_path/Frameworks",
				);
				PRODUCT_BUNDLE_IDENTIFIER = stl.anotherApp;
				PRODUCT_NAME = "$(TARGET_NAME)";
				SWIFT_VERSION = 5.0;
				TARGETED_DEVICE_FAMILY = "1,2";
			};
			name = Release;
		};
/* End XCBuildConfiguration section */

/* Begin XCConfigurationList section */
		109837D923C45C7D00EC5090 /* Build configuration list for PBXProject "anotherApp" */ = {
			isa = XCConfigurationList;
			buildConfigurations = (
				109837F023C45C8100EC5090 /* Debug */,
				109837F123C45C8100EC5090 /* Release */,
			);
			defaultConfigurationIsVisible = 0;
			defaultConfigurationName = Release;
		};
		109837F223C45C8100EC5090 /* Build configuration list for PBXNativeTarget "anotherApp" */ = {
			isa = XCConfigurationList;
			buildConfigurations = (
				109837F323C45C8100EC5090 /* Debug */,
				109837F423C45C8100EC5090 /* Release */,
			);
			defaultConfigurationIsVisible = 0;
			defaultConfigurationName = Release;
		};
/* End XCConfigurationList section */
	};
	rootObject = 109837D623C45C7D00EC5090 /* Project object */;
}
